
Microsoft Visual Studio Solution File, Format Version 12.00
# Visual Studio 15
VisualStudioVersion = 15.0.27130.2010
MinimumVisualStudioVersion = 10.0.40219.1
Project("{FAE04EC0-301F-11D3-BF4B-00C04F79EFBC}") = "HistoricalStockData", "HistoricalStockData\HistoricalStockData.csproj", "{10F3C284-5404-4630-A452-66F0BC63D884}"
EndProject
Project("{FAE04EC0-301F-11D3-BF4B-00C04F79EFBC}") = "StockSymbols", "StockSymbols\StockSymbols.csproj", "{218CA6A8-18D3-4290-A487-F0E15DB3BD6B}"
EndProject
Project("{FAE04EC0-301F-11D3-BF4B-00C04F79EFBC}") = "StockCharting", "StockCharting\StockCharting.csproj", "{7DBC55D1-4F1D-4249-A1DC-71ED5C6D131C}"
EndProject
Global
	GlobalSection(SolutionConfigurationPlatforms) = preSolution
		Debug|Any CPU = Debug|Any CPU
		Release|Any CPU = Release|Any CPU
	EndGlobalSection
	GlobalSection(ProjectConfigurationPlatforms) = postSolution
		{10F3C284-5404-4630-A452-66F0BC63D884}.Debug|Any CPU.ActiveCfg = Debug|Any CPU
		{10F3C284-5404-4630-A452-66F0BC63D884}.Debug|Any CPU.Build.0 = Debug|Any CPU
		{10F3C284-5404-4630-A452-66F0BC63D884}.Release|Any CPU.ActiveCfg = Release|Any CPU
		{10F3C284-5404-4630-A452-66F0BC63D884}.Release|Any CPU.Build.0 = Release|Any CPU
		{218CA6A8-18D3-4290-A487-F0E15DB3BD6B}.Debug|Any CPU.ActiveCfg = Debug|Any CPU
		{218CA6A8-18D3-4290-A487-F0E15DB3BD6B}.Debug|Any CPU.Build.0 = Debug|Any CPU
		{218CA6A8-18D3-4290-A487-F0E15DB3BD6B}.Release|Any CPU.ActiveCfg = Release|Any CPU
		{218CA6A8-18D3-4290-A487-F0E15DB3BD6B}.Release|Any CPU.Build.0 = Release|Any CPU
		{7DBC55D1-4F1D-4249-A1DC-71ED5C6D131C}.Debug|Any CPU.ActiveCfg = Debug|Any CPU
		{7DBC55D1-4F1D-4249-A1DC-71ED5C6D131C}.Debug|Any CPU.Build.0 = Debug|Any CPU
		{7DBC55D1-4F1D-4249-A1DC-71ED5C6D131C}.Release|Any CPU.ActiveCfg = Release|Any CPU
		{7DBC55D1-4F1D-4249-A1DC-71ED5C6D131C}.Release|Any CPU.Build.0 = Release|Any CPU
	EndGlobalSection
	GlobalSection(SolutionProperties) = preSolution
		HideSolutionNode = FALSE
	EndGlobalSection
	GlobalSection(ExtensibilityGlobals) = postSolution
		SolutionGuid = {DA1D3C4E-9699-46E4-AD7A-47195CAAF978}
	EndGlobalSection
EndGlobal
